
Microsoft Visual Studio Solution File, Format Version 12.00
# Visual Studio Version 16
VisualStudioVersion = 16.0.31613.86
MinimumVisualStudioVersion = 10.0.40219.1
Project("{9A19103F-16F7-4668-BE54-9A1E7A4F7556}") = "ToDoList", "ToDoList\ToDoList.csproj", "{37F32911-E283-444F-9537-9C39C70663E0}"
EndProject
Project("{FAE04EC0-301F-11D3-BF4B-00C04F79EFBC}") = "TDListCore", "TDListCore\TDListCore.csproj", "{7C7BD19C-7AE0-4390-B2C5-118B8A733441}"
EndProject
Global
	GlobalSection(SolutionConfigurationPlatforms) = preSolution
		Debug|Any CPU = Debug|Any CPU
		Release|Any CPU = Release|Any CPU
	EndGlobalSection
	GlobalSection(ProjectConfigurationPlatforms) = postSolution
		{37F32911-E283-444F-9537-9C39C70663E0}.Debug|Any CPU.ActiveCfg = Debug|Any CPU
		{37F32911-E283-444F-9537-9C39C70663E0}.Debug|Any CPU.Build.0 = Debug|Any CPU
		{37F32911-E283-444F-9537-9C39C70663E0}.Release|Any CPU.ActiveCfg = Release|Any CPU
		{37F32911-E283-444F-9537-9C39C70663E0}.Release|Any CPU.Build.0 = Release|Any CPU
		{7C7BD19C-7AE0-4390-B2C5-118B8A733441}.Debug|Any CPU.ActiveCfg = Debug|Any CPU
		{7C7BD19C-7AE0-4390-B2C5-118B8A733441}.Debug|Any CPU.Build.0 = Debug|Any CPU
		{7C7BD19C-7AE0-4390-B2C5-118B8A733441}.Release|Any CPU.ActiveCfg = Release|Any CPU
		{7C7BD19C-7AE0-4390-B2C5-118B8A733441}.Release|Any CPU.Build.0 = Release|Any CPU
	EndGlobalSection
	GlobalSection(SolutionProperties) = preSolution
		HideSolutionNode = FALSE
	EndGlobalSection
	GlobalSection(ExtensibilityGlobals) = postSolution
		SolutionGuid = {9BD047D7-D379-4038-A88D-27894FAAAAC6}
	EndGlobalSection
EndGlobal
